
Microsoft Visual Studio Solution File, Format Version 12.00
# Visual Studio Version 16
VisualStudioVersion = 16.0.31129.286
MinimumVisualStudioVersion = 10.0.40219.1
Project("{2150E333-8FDC-42A3-9474-1A3956D46DE8}") = "Src", "Src", "{2596EB70-9B87-11EB-9244-9B5965D5158C}"
EndProject
Project("{2150E333-8FDC-42A3-9474-1A3956D46DE8}") = "Dapr", "Dapr", "{4046BCC0-9B87-11EB-9244-9B5965D5158C}"
EndProject
Project("{2150E333-8FDC-42A3-9474-1A3956D46DE8}") = "components", "components", "{4740C750-9B87-11EB-9244-9B5965D5158C}"
	ProjectSection(SolutionItems) = preProject
		public-sub.yaml = public-sub.yaml
		state-store.yaml = state-store.yaml
	EndProjectSection
EndProject
Project("{2150E333-8FDC-42A3-9474-1A3956D46DE8}") = "configuration", "configuration", "{4BDC9690-9B87-11EB-9244-9B5965D5158C}"
EndProject
Project("{2150E333-8FDC-42A3-9474-1A3956D46DE8}") = "Tests", "Tests", "{51444150-9B87-11EB-9244-9B5965D5158C}"
EndProject
Project("{2150E333-8FDC-42A3-9474-1A3956D46DE8}") = "Services", "Services", "{693E8F90-9B87-11EB-9244-9B5965D5158C}"
EndProject
Project("{2150E333-8FDC-42A3-9474-1A3956D46DE8}") = "ApiGateway", "ApiGateway", "{8557DBF0-9B87-11EB-9244-9B5965D5158C}"
EndProject
Project("{2150E333-8FDC-42A3-9474-1A3956D46DE8}") = "Web", "Web", "{8A5F1730-9B87-11EB-9244-9B5965D5158C}"
EndProject
Project("{2150E333-8FDC-42A3-9474-1A3956D46DE8}") = "Identity", "Identity", "{A507784D-1327-44D9-B89D-DC4B2A7750CA}"
EndProject
Project("{9A19103F-16F7-4668-BE54-9A1E7A4F7556}") = "Identity.Api", "Src\Services\Identity\Identity.Api\Identity.Api.csproj", "{D5CEAD20-0874-4EB1-B72A-A754DF505B1D}"
EndProject
Project("{2150E333-8FDC-42A3-9474-1A3956D46DE8}") = "Ordering", "Ordering", "{FAF7641D-30A4-4F8F-8FC5-F2F64B738D44}"
EndProject
Project("{9A19103F-16F7-4668-BE54-9A1E7A4F7556}") = "Ordering.Api", "Src\Services\Ordering\Ordering.Api\Ordering.Api.csproj", "{EFB31913-76AB-4DBF-9A21-D2070602AE3A}"
EndProject
Project("{9A19103F-16F7-4668-BE54-9A1E7A4F7556}") = "Identity.Domain", "Src\Services\Identity\Identity.Domain\Identity.Domain.csproj", "{005C5B83-759E-40AF-865B-371F51CC0F81}"
EndProject
Project("{9A19103F-16F7-4668-BE54-9A1E7A4F7556}") = "Identity.Application", "Src\Services\Identity\Identity.ApplicationService\Identity.Application.csproj", "{B6E70303-A700-495A-B8EE-78352C2B631F}"
EndProject
Project("{9A19103F-16F7-4668-BE54-9A1E7A4F7556}") = "Identity.Infrastructure", "Src\Services\Identity\Identity.Infrastructure\Identity.Infrastructure.csproj", "{88570219-C06D-4013-8169-6F57877C1B48}"
EndProject
Project("{2150E333-8FDC-42A3-9474-1A3956D46DE8}") = "tests", "tests", "{4E9B230C-923D-4D97-A2D1-F00A63EC56A2}"
EndProject
Project("{9A19103F-16F7-4668-BE54-9A1E7A4F7556}") = "Identity.ApiTest", "Src\Services\Identity\test\Identity.ApiTest\Identity.ApiTest.csproj", "{62FEB8AF-C87E-4FFB-8B99-F2015472B864}"
EndProject
Global
	GlobalSection(SolutionConfigurationPlatforms) = preSolution
		Debug|Any CPU = Debug|Any CPU
		Release|Any CPU = Release|Any CPU
	EndGlobalSection
	GlobalSection(ProjectConfigurationPlatforms) = postSolution
		{D5CEAD20-0874-4EB1-B72A-A754DF505B1D}.Debug|Any CPU.ActiveCfg = Debug|Any CPU
		{D5CEAD20-0874-4EB1-B72A-A754DF505B1D}.Debug|Any CPU.Build.0 = Debug|Any CPU
		{D5CEAD20-0874-4EB1-B72A-A754DF505B1D}.Release|Any CPU.ActiveCfg = Release|Any CPU
		{D5CEAD20-0874-4EB1-B72A-A754DF505B1D}.Release|Any CPU.Build.0 = Release|Any CPU
		{EFB31913-76AB-4DBF-9A21-D2070602AE3A}.Debug|Any CPU.ActiveCfg = Debug|Any CPU
		{EFB31913-76AB-4DBF-9A21-D2070602AE3A}.Debug|Any CPU.Build.0 = Debug|Any CPU
		{EFB31913-76AB-4DBF-9A21-D2070602AE3A}.Release|Any CPU.ActiveCfg = Release|Any CPU
		{EFB31913-76AB-4DBF-9A21-D2070602AE3A}.Release|Any CPU.Build.0 = Release|Any CPU
		{005C5B83-759E-40AF-865B-371F51CC0F81}.Debug|Any CPU.ActiveCfg = Debug|Any CPU
		{005C5B83-759E-40AF-865B-371F51CC0F81}.Debug|Any CPU.Build.0 = Debug|Any CPU
		{005C5B83-759E-40AF-865B-371F51CC0F81}.Release|Any CPU.ActiveCfg = Release|Any CPU
		{005C5B83-759E-40AF-865B-371F51CC0F81}.Release|Any CPU.Build.0 = Release|Any CPU
		{B6E70303-A700-495A-B8EE-78352C2B631F}.Debug|Any CPU.ActiveCfg = Debug|Any CPU
		{B6E70303-A700-495A-B8EE-78352C2B631F}.Debug|Any CPU.Build.0 = Debug|Any CPU
		{B6E70303-A700-495A-B8EE-78352C2B631F}.Release|Any CPU.ActiveCfg = Release|Any CPU
		{B6E70303-A700-495A-B8EE-78352C2B631F}.Release|Any CPU.Build.0 = Release|Any CPU
		{88570219-C06D-4013-8169-6F57877C1B48}.Debug|Any CPU.ActiveCfg = Debug|Any CPU
		{88570219-C06D-4013-8169-6F57877C1B48}.Debug|Any CPU.Build.0 = Debug|Any CPU
		{88570219-C06D-4013-8169-6F57877C1B48}.Release|Any CPU.ActiveCfg = Release|Any CPU
		{88570219-C06D-4013-8169-6F57877C1B48}.Release|Any CPU.Build.0 = Release|Any CPU
		{62FEB8AF-C87E-4FFB-8B99-F2015472B864}.Debug|Any CPU.ActiveCfg = Debug|Any CPU
		{62FEB8AF-C87E-4FFB-8B99-F2015472B864}.Debug|Any CPU.Build.0 = Debug|Any CPU
		{62FEB8AF-C87E-4FFB-8B99-F2015472B864}.Release|Any CPU.ActiveCfg = Release|Any CPU
		{62FEB8AF-C87E-4FFB-8B99-F2015472B864}.Release|Any CPU.Build.0 = Release|Any CPU
	EndGlobalSection
	GlobalSection(SolutionProperties) = preSolution
		HideSolutionNode = FALSE
	EndGlobalSection
	GlobalSection(NestedProjects) = preSolution
		{4740C750-9B87-11EB-9244-9B5965D5158C} = {4046BCC0-9B87-11EB-9244-9B5965D5158C}
		{4BDC9690-9B87-11EB-9244-9B5965D5158C} = {4046BCC0-9B87-11EB-9244-9B5965D5158C}
		{693E8F90-9B87-11EB-9244-9B5965D5158C} = {2596EB70-9B87-11EB-9244-9B5965D5158C}
		{8557DBF0-9B87-11EB-9244-9B5965D5158C} = {2596EB70-9B87-11EB-9244-9B5965D5158C}
		{8A5F1730-9B87-11EB-9244-9B5965D5158C} = {2596EB70-9B87-11EB-9244-9B5965D5158C}
		{A507784D-1327-44D9-B89D-DC4B2A7750CA} = {693E8F90-9B87-11EB-9244-9B5965D5158C}
		{D5CEAD20-0874-4EB1-B72A-A754DF505B1D} = {A507784D-1327-44D9-B89D-DC4B2A7750CA}
		{FAF7641D-30A4-4F8F-8FC5-F2F64B738D44} = {693E8F90-9B87-11EB-9244-9B5965D5158C}
		{EFB31913-76AB-4DBF-9A21-D2070602AE3A} = {FAF7641D-30A4-4F8F-8FC5-F2F64B738D44}
		{005C5B83-759E-40AF-865B-371F51CC0F81} = {A507784D-1327-44D9-B89D-DC4B2A7750CA}
		{B6E70303-A700-495A-B8EE-78352C2B631F} = {A507784D-1327-44D9-B89D-DC4B2A7750CA}
		{88570219-C06D-4013-8169-6F57877C1B48} = {A507784D-1327-44D9-B89D-DC4B2A7750CA}
		{4E9B230C-923D-4D97-A2D1-F00A63EC56A2} = {A507784D-1327-44D9-B89D-DC4B2A7750CA}
		{62FEB8AF-C87E-4FFB-8B99-F2015472B864} = {4E9B230C-923D-4D97-A2D1-F00A63EC56A2}
	EndGlobalSection
	GlobalSection(ExtensibilityGlobals) = postSolution
		SolutionGuid = {71C0A3E0-ED8A-491F-A7AD-5B14C6D575FA}
	EndGlobalSection
EndGlobal
