
Microsoft Visual Studio Solution File, Format Version 12.00
# Visual Studio Version 17
VisualStudioVersion = 17.0.31410.414
MinimumVisualStudioVersion = 10.0.40219.1
Project("{2150E333-8FDC-42A3-9474-1A3956D46DE8}") = "Src", "Src", "{2596EB70-9B87-11EB-9244-9B5965D5158C}"
EndProject
Project("{2150E333-8FDC-42A3-9474-1A3956D46DE8}") = "Dapr", "Dapr", "{4046BCC0-9B87-11EB-9244-9B5965D5158C}"
EndProject
Project("{2150E333-8FDC-42A3-9474-1A3956D46DE8}") = "components", "components", "{4740C750-9B87-11EB-9244-9B5965D5158C}"
	ProjectSection(SolutionItems) = preProject
		Dapr\components\pubsub.yaml = Dapr\components\pubsub.yaml
		Dapr\components\statestore.yaml = Dapr\components\statestore.yaml
	EndProjectSection
EndProject
Project("{2150E333-8FDC-42A3-9474-1A3956D46DE8}") = "configuration", "configuration", "{4BDC9690-9B87-11EB-9244-9B5965D5158C}"
	ProjectSection(SolutionItems) = preProject
		Dapr\configuration\config.json = Dapr\configuration\config.json
	EndProjectSection
EndProject
Project("{2150E333-8FDC-42A3-9474-1A3956D46DE8}") = "Tests", "Tests", "{51444150-9B87-11EB-9244-9B5965D5158C}"
EndProject
Project("{2150E333-8FDC-42A3-9474-1A3956D46DE8}") = "Services", "Services", "{693E8F90-9B87-11EB-9244-9B5965D5158C}"
EndProject
Project("{2150E333-8FDC-42A3-9474-1A3956D46DE8}") = "ApiGateway", "ApiGateway", "{8557DBF0-9B87-11EB-9244-9B5965D5158C}"
EndProject
Project("{2150E333-8FDC-42A3-9474-1A3956D46DE8}") = "Identity", "Identity", "{A507784D-1327-44D9-B89D-DC4B2A7750CA}"
EndProject
Project("{9A19103F-16F7-4668-BE54-9A1E7A4F7556}") = "Identity.Api", "Src\Services\Identity\Identity.Api\Identity.Api.csproj", "{D5CEAD20-0874-4EB1-B72A-A754DF505B1D}"
EndProject
Project("{2150E333-8FDC-42A3-9474-1A3956D46DE8}") = "Ordering", "Ordering", "{FAF7641D-30A4-4F8F-8FC5-F2F64B738D44}"
EndProject
Project("{9A19103F-16F7-4668-BE54-9A1E7A4F7556}") = "Ordering.Api", "Src\Services\Ordering\Ordering.Api\Ordering.Api.csproj", "{EFB31913-76AB-4DBF-9A21-D2070602AE3A}"
EndProject
Project("{9A19103F-16F7-4668-BE54-9A1E7A4F7556}") = "Identity.Domain", "Src\Services\Identity\Identity.Domain\Identity.Domain.csproj", "{005C5B83-759E-40AF-865B-371F51CC0F81}"
EndProject
Project("{9A19103F-16F7-4668-BE54-9A1E7A4F7556}") = "Identity.Infrastructure", "Src\Services\Identity\Identity.Infrastructure\Identity.Infrastructure.csproj", "{88570219-C06D-4013-8169-6F57877C1B48}"
EndProject
Project("{2150E333-8FDC-42A3-9474-1A3956D46DE8}") = "tests", "tests", "{4E9B230C-923D-4D97-A2D1-F00A63EC56A2}"
EndProject
Project("{9A19103F-16F7-4668-BE54-9A1E7A4F7556}") = "Identity.ApiTest", "Src\Services\Identity\test\Identity.ApiTest\Identity.ApiTest.csproj", "{62FEB8AF-C87E-4FFB-8B99-F2015472B864}"
EndProject
Project("{E53339B2-1760-4266-BCC7-CA923CBCF16C}") = "docker-compose", "docker-compose.dcproj", "{F50D9099-4D82-42B2-BF9E-DD3DACD56380}"
EndProject
Project("{9A19103F-16F7-4668-BE54-9A1E7A4F7556}") = "ServiceTestProject", "Tests\ServiceTestProject\ServiceTestProject.csproj", "{7334BB21-BDEE-436B-AF03-EA1B88CABC49}"
EndProject
Project("{9A19103F-16F7-4668-BE54-9A1E7A4F7556}") = "Ordering.Domain", "Src\Services\Ordering\Ordering.Domain\Ordering.Domain.csproj", "{A40BBD2D-1770-41A9-8566-72DCDC903781}"
EndProject
Project("{9A19103F-16F7-4668-BE54-9A1E7A4F7556}") = "Ordering.Application", "Src\Services\Ordering\Ordering.Application\Ordering.Application.csproj", "{864C567C-13C9-44EC-9197-9D9DCE0587F9}"
EndProject
Project("{9A19103F-16F7-4668-BE54-9A1E7A4F7556}") = "Ordering.Infrastructure", "Src\Services\Ordering\Ordering.Infrastructure\Ordering.Infrastructure.csproj", "{C1384C6D-F47A-44CD-BE94-1EEDF1F3D56A}"
EndProject
Project("{2150E333-8FDC-42A3-9474-1A3956D46DE8}") = "tests", "tests", "{C1C847AC-F385-4624-8443-E557057AADDB}"
EndProject
Project("{9A19103F-16F7-4668-BE54-9A1E7A4F7556}") = "Ordering.ApiTest", "Src\Services\Ordering\Ordering.ApiTest\Ordering.ApiTest.csproj", "{FDDEC9CA-149A-41A3-AC81-F67595FB0A1C}"
EndProject
Project("{2150E333-8FDC-42A3-9474-1A3956D46DE8}") = "Core", "Core", "{08D7EF5D-984B-449C-B766-AE847EE82FBC}"
EndProject
Project("{9A19103F-16F7-4668-BE54-9A1E7A4F7556}") = "DomainBase", "Src\Services\Core\DomainCore\DomainBase.csproj", "{AEE16D74-3F0B-412C-911D-F3AABE47BF64}"
EndProject
Project("{9A19103F-16F7-4668-BE54-9A1E7A4F7556}") = "InfrastructureBase", "Src\Services\Core\InfrastructureBase\InfrastructureBase.csproj", "{E1349B54-7AF7-4332-803F-FF45BB89061B}"
EndProject
Project("{2150E333-8FDC-42A3-9474-1A3956D46DE8}") = "Envoy", "Envoy", "{B0BDE4AB-EB10-485B-A034-B6DD4EE0F0D7}"
	ProjectSection(SolutionItems) = preProject
		Src\ApiGateway\Envoy\envoy.yaml = Src\ApiGateway\Envoy\envoy.yaml
	EndProjectSection
EndProject
Project("{2150E333-8FDC-42A3-9474-1A3956D46DE8}") = "Workflow", "Workflow", "{BBB73429-8EC5-461B-A4DC-4B15CB03544C}"
EndProject
Project("{2150E333-8FDC-42A3-9474-1A3956D46DE8}") = "tests", "tests", "{81A110CC-52C6-40E6-9AEE-51ED9BBEFBD1}"
EndProject
Project("{9A19103F-16F7-4668-BE54-9A1E7A4F7556}") = "Workflow.ApiTest", "Src\Services\Workflow\tests\Workflow.ApiTest\Workflow.ApiTest.csproj", "{33C5CC0B-A7FB-498A-AAAE-7FAED087FAFD}"
EndProject
Project("{9A19103F-16F7-4668-BE54-9A1E7A4F7556}") = "Identity.Application", "Src\Services\Identity\Identity.Application\Identity.Application.csproj", "{0E9F6CA7-ECE5-433A-A58D-16DBBDAC03FF}"
EndProject
Project("{FAE04EC0-301F-11D3-BF4B-00C04F79EFBC}") = "Workflow.Api", "Src\Services\Workflow\Workflow.Api\Workflow.Api.csproj", "{640EBC8B-23F1-4AF0-86D7-EFB2DF1717FB}"
EndProject
Global
	GlobalSection(SolutionConfigurationPlatforms) = preSolution
		Debug|Any CPU = Debug|Any CPU
		Release|Any CPU = Release|Any CPU
	EndGlobalSection
	GlobalSection(ProjectConfigurationPlatforms) = postSolution
		{D5CEAD20-0874-4EB1-B72A-A754DF505B1D}.Debug|Any CPU.ActiveCfg = Debug|Any CPU
		{D5CEAD20-0874-4EB1-B72A-A754DF505B1D}.Debug|Any CPU.Build.0 = Debug|Any CPU
		{D5CEAD20-0874-4EB1-B72A-A754DF505B1D}.Release|Any CPU.ActiveCfg = Release|Any CPU
		{D5CEAD20-0874-4EB1-B72A-A754DF505B1D}.Release|Any CPU.Build.0 = Release|Any CPU
		{EFB31913-76AB-4DBF-9A21-D2070602AE3A}.Debug|Any CPU.ActiveCfg = Debug|Any CPU
		{EFB31913-76AB-4DBF-9A21-D2070602AE3A}.Debug|Any CPU.Build.0 = Debug|Any CPU
		{EFB31913-76AB-4DBF-9A21-D2070602AE3A}.Release|Any CPU.ActiveCfg = Release|Any CPU
		{EFB31913-76AB-4DBF-9A21-D2070602AE3A}.Release|Any CPU.Build.0 = Release|Any CPU
		{005C5B83-759E-40AF-865B-371F51CC0F81}.Debug|Any CPU.ActiveCfg = Debug|Any CPU
		{005C5B83-759E-40AF-865B-371F51CC0F81}.Debug|Any CPU.Build.0 = Debug|Any CPU
		{005C5B83-759E-40AF-865B-371F51CC0F81}.Release|Any CPU.ActiveCfg = Release|Any CPU
		{005C5B83-759E-40AF-865B-371F51CC0F81}.Release|Any CPU.Build.0 = Release|Any CPU
		{88570219-C06D-4013-8169-6F57877C1B48}.Debug|Any CPU.ActiveCfg = Debug|Any CPU
		{88570219-C06D-4013-8169-6F57877C1B48}.Debug|Any CPU.Build.0 = Debug|Any CPU
		{88570219-C06D-4013-8169-6F57877C1B48}.Release|Any CPU.ActiveCfg = Release|Any CPU
		{88570219-C06D-4013-8169-6F57877C1B48}.Release|Any CPU.Build.0 = Release|Any CPU
		{62FEB8AF-C87E-4FFB-8B99-F2015472B864}.Debug|Any CPU.ActiveCfg = Debug|Any CPU
		{62FEB8AF-C87E-4FFB-8B99-F2015472B864}.Debug|Any CPU.Build.0 = Debug|Any CPU
		{62FEB8AF-C87E-4FFB-8B99-F2015472B864}.Release|Any CPU.ActiveCfg = Release|Any CPU
		{62FEB8AF-C87E-4FFB-8B99-F2015472B864}.Release|Any CPU.Build.0 = Release|Any CPU
		{F50D9099-4D82-42B2-BF9E-DD3DACD56380}.Debug|Any CPU.ActiveCfg = Debug|Any CPU
		{F50D9099-4D82-42B2-BF9E-DD3DACD56380}.Debug|Any CPU.Build.0 = Debug|Any CPU
		{F50D9099-4D82-42B2-BF9E-DD3DACD56380}.Release|Any CPU.ActiveCfg = Release|Any CPU
		{F50D9099-4D82-42B2-BF9E-DD3DACD56380}.Release|Any CPU.Build.0 = Release|Any CPU
		{7334BB21-BDEE-436B-AF03-EA1B88CABC49}.Debug|Any CPU.ActiveCfg = Debug|Any CPU
		{7334BB21-BDEE-436B-AF03-EA1B88CABC49}.Debug|Any CPU.Build.0 = Debug|Any CPU
		{7334BB21-BDEE-436B-AF03-EA1B88CABC49}.Release|Any CPU.ActiveCfg = Release|Any CPU
		{7334BB21-BDEE-436B-AF03-EA1B88CABC49}.Release|Any CPU.Build.0 = Release|Any CPU
		{A40BBD2D-1770-41A9-8566-72DCDC903781}.Debug|Any CPU.ActiveCfg = Debug|Any CPU
		{A40BBD2D-1770-41A9-8566-72DCDC903781}.Debug|Any CPU.Build.0 = Debug|Any CPU
		{A40BBD2D-1770-41A9-8566-72DCDC903781}.Release|Any CPU.ActiveCfg = Release|Any CPU
		{A40BBD2D-1770-41A9-8566-72DCDC903781}.Release|Any CPU.Build.0 = Release|Any CPU
		{864C567C-13C9-44EC-9197-9D9DCE0587F9}.Debug|Any CPU.ActiveCfg = Debug|Any CPU
		{864C567C-13C9-44EC-9197-9D9DCE0587F9}.Debug|Any CPU.Build.0 = Debug|Any CPU
		{864C567C-13C9-44EC-9197-9D9DCE0587F9}.Release|Any CPU.ActiveCfg = Release|Any CPU
		{864C567C-13C9-44EC-9197-9D9DCE0587F9}.Release|Any CPU.Build.0 = Release|Any CPU
		{C1384C6D-F47A-44CD-BE94-1EEDF1F3D56A}.Debug|Any CPU.ActiveCfg = Debug|Any CPU
		{C1384C6D-F47A-44CD-BE94-1EEDF1F3D56A}.Debug|Any CPU.Build.0 = Debug|Any CPU
		{C1384C6D-F47A-44CD-BE94-1EEDF1F3D56A}.Release|Any CPU.ActiveCfg = Release|Any CPU
		{C1384C6D-F47A-44CD-BE94-1EEDF1F3D56A}.Release|Any CPU.Build.0 = Release|Any CPU
		{FDDEC9CA-149A-41A3-AC81-F67595FB0A1C}.Debug|Any CPU.ActiveCfg = Debug|Any CPU
		{FDDEC9CA-149A-41A3-AC81-F67595FB0A1C}.Debug|Any CPU.Build.0 = Debug|Any CPU
		{FDDEC9CA-149A-41A3-AC81-F67595FB0A1C}.Release|Any CPU.ActiveCfg = Release|Any CPU
		{FDDEC9CA-149A-41A3-AC81-F67595FB0A1C}.Release|Any CPU.Build.0 = Release|Any CPU
		{AEE16D74-3F0B-412C-911D-F3AABE47BF64}.Debug|Any CPU.ActiveCfg = Debug|Any CPU
		{AEE16D74-3F0B-412C-911D-F3AABE47BF64}.Debug|Any CPU.Build.0 = Debug|Any CPU
		{AEE16D74-3F0B-412C-911D-F3AABE47BF64}.Release|Any CPU.ActiveCfg = Release|Any CPU
		{AEE16D74-3F0B-412C-911D-F3AABE47BF64}.Release|Any CPU.Build.0 = Release|Any CPU
		{E1349B54-7AF7-4332-803F-FF45BB89061B}.Debug|Any CPU.ActiveCfg = Debug|Any CPU
		{E1349B54-7AF7-4332-803F-FF45BB89061B}.Debug|Any CPU.Build.0 = Debug|Any CPU
		{E1349B54-7AF7-4332-803F-FF45BB89061B}.Release|Any CPU.ActiveCfg = Release|Any CPU
		{E1349B54-7AF7-4332-803F-FF45BB89061B}.Release|Any CPU.Build.0 = Release|Any CPU
		{33C5CC0B-A7FB-498A-AAAE-7FAED087FAFD}.Debug|Any CPU.ActiveCfg = Debug|Any CPU
		{33C5CC0B-A7FB-498A-AAAE-7FAED087FAFD}.Debug|Any CPU.Build.0 = Debug|Any CPU
		{33C5CC0B-A7FB-498A-AAAE-7FAED087FAFD}.Release|Any CPU.ActiveCfg = Release|Any CPU
		{33C5CC0B-A7FB-498A-AAAE-7FAED087FAFD}.Release|Any CPU.Build.0 = Release|Any CPU
		{0E9F6CA7-ECE5-433A-A58D-16DBBDAC03FF}.Debug|Any CPU.ActiveCfg = Debug|Any CPU
		{0E9F6CA7-ECE5-433A-A58D-16DBBDAC03FF}.Debug|Any CPU.Build.0 = Debug|Any CPU
		{0E9F6CA7-ECE5-433A-A58D-16DBBDAC03FF}.Release|Any CPU.ActiveCfg = Release|Any CPU
		{0E9F6CA7-ECE5-433A-A58D-16DBBDAC03FF}.Release|Any CPU.Build.0 = Release|Any CPU
		{640EBC8B-23F1-4AF0-86D7-EFB2DF1717FB}.Debug|Any CPU.ActiveCfg = Debug|Any CPU
		{640EBC8B-23F1-4AF0-86D7-EFB2DF1717FB}.Debug|Any CPU.Build.0 = Debug|Any CPU
		{640EBC8B-23F1-4AF0-86D7-EFB2DF1717FB}.Release|Any CPU.ActiveCfg = Release|Any CPU
		{640EBC8B-23F1-4AF0-86D7-EFB2DF1717FB}.Release|Any CPU.Build.0 = Release|Any CPU
	EndGlobalSection
	GlobalSection(SolutionProperties) = preSolution
		HideSolutionNode = FALSE
	EndGlobalSection
	GlobalSection(NestedProjects) = preSolution
		{4740C750-9B87-11EB-9244-9B5965D5158C} = {4046BCC0-9B87-11EB-9244-9B5965D5158C}
		{4BDC9690-9B87-11EB-9244-9B5965D5158C} = {4046BCC0-9B87-11EB-9244-9B5965D5158C}
		{693E8F90-9B87-11EB-9244-9B5965D5158C} = {2596EB70-9B87-11EB-9244-9B5965D5158C}
		{8557DBF0-9B87-11EB-9244-9B5965D5158C} = {2596EB70-9B87-11EB-9244-9B5965D5158C}
		{A507784D-1327-44D9-B89D-DC4B2A7750CA} = {693E8F90-9B87-11EB-9244-9B5965D5158C}
		{D5CEAD20-0874-4EB1-B72A-A754DF505B1D} = {A507784D-1327-44D9-B89D-DC4B2A7750CA}
		{FAF7641D-30A4-4F8F-8FC5-F2F64B738D44} = {693E8F90-9B87-11EB-9244-9B5965D5158C}
		{EFB31913-76AB-4DBF-9A21-D2070602AE3A} = {FAF7641D-30A4-4F8F-8FC5-F2F64B738D44}
		{005C5B83-759E-40AF-865B-371F51CC0F81} = {A507784D-1327-44D9-B89D-DC4B2A7750CA}
		{88570219-C06D-4013-8169-6F57877C1B48} = {A507784D-1327-44D9-B89D-DC4B2A7750CA}
		{4E9B230C-923D-4D97-A2D1-F00A63EC56A2} = {A507784D-1327-44D9-B89D-DC4B2A7750CA}
		{62FEB8AF-C87E-4FFB-8B99-F2015472B864} = {4E9B230C-923D-4D97-A2D1-F00A63EC56A2}
		{7334BB21-BDEE-436B-AF03-EA1B88CABC49} = {51444150-9B87-11EB-9244-9B5965D5158C}
		{A40BBD2D-1770-41A9-8566-72DCDC903781} = {FAF7641D-30A4-4F8F-8FC5-F2F64B738D44}
		{864C567C-13C9-44EC-9197-9D9DCE0587F9} = {FAF7641D-30A4-4F8F-8FC5-F2F64B738D44}
		{C1384C6D-F47A-44CD-BE94-1EEDF1F3D56A} = {FAF7641D-30A4-4F8F-8FC5-F2F64B738D44}
		{C1C847AC-F385-4624-8443-E557057AADDB} = {FAF7641D-30A4-4F8F-8FC5-F2F64B738D44}
		{FDDEC9CA-149A-41A3-AC81-F67595FB0A1C} = {C1C847AC-F385-4624-8443-E557057AADDB}
		{08D7EF5D-984B-449C-B766-AE847EE82FBC} = {693E8F90-9B87-11EB-9244-9B5965D5158C}
		{AEE16D74-3F0B-412C-911D-F3AABE47BF64} = {08D7EF5D-984B-449C-B766-AE847EE82FBC}
		{E1349B54-7AF7-4332-803F-FF45BB89061B} = {08D7EF5D-984B-449C-B766-AE847EE82FBC}
		{B0BDE4AB-EB10-485B-A034-B6DD4EE0F0D7} = {8557DBF0-9B87-11EB-9244-9B5965D5158C}
		{BBB73429-8EC5-461B-A4DC-4B15CB03544C} = {693E8F90-9B87-11EB-9244-9B5965D5158C}
		{81A110CC-52C6-40E6-9AEE-51ED9BBEFBD1} = {BBB73429-8EC5-461B-A4DC-4B15CB03544C}
		{33C5CC0B-A7FB-498A-AAAE-7FAED087FAFD} = {81A110CC-52C6-40E6-9AEE-51ED9BBEFBD1}
		{0E9F6CA7-ECE5-433A-A58D-16DBBDAC03FF} = {A507784D-1327-44D9-B89D-DC4B2A7750CA}
		{640EBC8B-23F1-4AF0-86D7-EFB2DF1717FB} = {BBB73429-8EC5-461B-A4DC-4B15CB03544C}
	EndGlobalSection
	GlobalSection(ExtensibilityGlobals) = postSolution
		SolutionGuid = {71C0A3E0-ED8A-491F-A7AD-5B14C6D575FA}
	EndGlobalSection
EndGlobal
